<?xml version="1.0" encoding="utf-8"?>
<Project ToolsVersion="4.0" xmlns="http://schemas.microsoft.com/developer/msbuild/2003">
  <ItemGroup>
    <Filter Include="Scenes">
      <UniqueIdentifier>{67c4117a-9406-4f6c-9266-c3101b5d646d}</UniqueIdentifier>
    </Filter>
    <Filter Include="Contents">
      <UniqueIdentifier>{448bbafe-eaea-4224-ac67-13f3a6963c61}</UniqueIdentifier>
    </Filter>
    <Filter Include="Scripts">
      <UniqueIdentifier>{0ebb2da2-5d6f-4762-8425-56a25d7dd1fa}</UniqueIdentifier>
    </Filter>
  </ItemGroup>
  <ItemGroup>
    <ClInclude Include="MyLoadScenes.h">
      <Filter>Scenes</Filter>
    </ClInclude>
    <ClInclude Include="MyPlayScene.h">
      <Filter>Scenes</Filter>
    </ClInclude>
    <ClInclude Include="MyTitleScene.h">
      <Filter>Scenes</Filter>
    </ClInclude>
    <ClInclude Include="MyPlayer.h">
      <Filter>Contents</Filter>
    </ClInclude>
    <ClInclude Include="MyPlayerScript.h">
      <Filter>Scripts</Filter>
    </ClInclude>
    <ClInclude Include="MyLoadingScene.h">
      <Filter>Scenes</Filter>
    </ClInclude>
  </ItemGroup>
  <ItemGroup>
    <ClCompile Include="MyPlayer.cpp">
      <Filter>Contents</Filter>
    </ClCompile>
    <ClCompile Include="MyPlayScene.cpp">
      <Filter>Scenes</Filter>
    </ClCompile>
    <ClCompile Include="MyTitleScene.cpp">
      <Filter>Scenes</Filter>
    </ClCompile>
    <ClCompile Include="MyPlayerScript.cpp">
      <Filter>Scripts</Filter>
    </ClCompile>
    <ClCompile Include="MyLoadingScene.cpp">
      <Filter>Scenes</Filter>
    </ClCompile>
  </ItemGroup>
</Project>